
Microsoft Visual Studio Solution File, Format Version 12.00
# Visual Studio Version 17
VisualStudioVersion = 17.12.35728.132
MinimumVisualStudioVersion = 10.0.40219.1
Project("{FAE04EC0-301F-11D3-BF4B-00C04F79EFBC}") = "Prisoner Dylem", "Prisoner Dylem\Prisoner Dylem.csproj", "{8412949A-1E1A-4808-A68D-B18FBED37901}"
EndProject
Global
	GlobalSection(SolutionConfigurationPlatforms) = preSolution
		Debug|Any CPU = Debug|Any CPU
		Release|Any CPU = Release|Any CPU
	EndGlobalSection
	GlobalSection(ProjectConfigurationPlatforms) = postSolution
		{8412949A-1E1A-4808-A68D-B18FBED37901}.Debug|Any CPU.ActiveCfg = Debug|Any CPU
		{8412949A-1E1A-4808-A68D-B18FBED37901}.Debug|Any CPU.Build.0 = Debug|Any CPU
		{8412949A-1E1A-4808-A68D-B18FBED37901}.Release|Any CPU.ActiveCfg = Release|Any CPU
		{8412949A-1E1A-4808-A68D-B18FBED37901}.Release|Any CPU.Build.0 = Release|Any CPU
	EndGlobalSection
	GlobalSection(SolutionProperties) = preSolution
		HideSolutionNode = FALSE
	EndGlobalSection
	GlobalSection(ExtensibilityGlobals) = postSolution
		SolutionGuid = {F302D574-39CC-4FAE-9738-8B0260B90189}
	EndGlobalSection
EndGlobal
